
Microsoft Visual Studio Solution File, Format Version 12.00
# Visual Studio 14
VisualStudioVersion = 14.0.25420.1
MinimumVisualStudioVersion = 10.0.40219.1
Project("{FAE04EC0-301F-11D3-BF4B-00C04F79EFBC}") = "EXODUS WALLET UI 1.5.4", "EXODUS WALLET UI 1.5.4\EXODUS WALLET UI 1.5.4.csproj", "{C8CE22AA-9D75-4FEA-B6D8-1CD3D73A5ACD}"
EndProject
Global
	GlobalSection(SolutionConfigurationPlatforms) = preSolution
		Debug|Any CPU = Debug|Any CPU
		Release|Any CPU = Release|Any CPU
	EndGlobalSection
	GlobalSection(ProjectConfigurationPlatforms) = postSolution
		{C8CE22AA-9D75-4FEA-B6D8-1CD3D73A5ACD}.Debug|Any CPU.ActiveCfg = Debug|Any CPU
		{C8CE22AA-9D75-4FEA-B6D8-1CD3D73A5ACD}.Debug|Any CPU.Build.0 = Debug|Any CPU
		{C8CE22AA-9D75-4FEA-B6D8-1CD3D73A5ACD}.Release|Any CPU.ActiveCfg = Release|Any CPU
		{C8CE22AA-9D75-4FEA-B6D8-1CD3D73A5ACD}.Release|Any CPU.Build.0 = Release|Any CPU
	EndGlobalSection
	GlobalSection(SolutionProperties) = preSolution
		HideSolutionNode = FALSE
	EndGlobalSection
EndGlobal
